
Microsoft Visual Studio Solution File, Format Version 12.00
# Visual Studio 15
VisualStudioVersion = 15.0.28307.779
MinimumVisualStudioVersion = 10.0.40219.1
Project("{FAE04EC0-301F-11D3-BF4B-00C04F79EFBC}") = "Kingice_Parser", "Kingice_Parser\Kingice_Parser.csproj", "{A20F3EBD-4BCE-4C17-94CC-77D028A8BC16}"
EndProject
Global
	GlobalSection(SolutionConfigurationPlatforms) = preSolution
		Debug|Any CPU = Debug|Any CPU
		Release|Any CPU = Release|Any CPU
	EndGlobalSection
	GlobalSection(ProjectConfigurationPlatforms) = postSolution
		{A20F3EBD-4BCE-4C17-94CC-77D028A8BC16}.Debug|Any CPU.ActiveCfg = Debug|Any CPU
		{A20F3EBD-4BCE-4C17-94CC-77D028A8BC16}.Debug|Any CPU.Build.0 = Debug|Any CPU
		{A20F3EBD-4BCE-4C17-94CC-77D028A8BC16}.Release|Any CPU.ActiveCfg = Release|Any CPU
		{A20F3EBD-4BCE-4C17-94CC-77D028A8BC16}.Release|Any CPU.Build.0 = Release|Any CPU
	EndGlobalSection
	GlobalSection(SolutionProperties) = preSolution
		HideSolutionNode = FALSE
	EndGlobalSection
	GlobalSection(ExtensibilityGlobals) = postSolution
		SolutionGuid = {4422FB20-14A7-4A04-8646-1E2284542334}
	EndGlobalSection
EndGlobal
